// !$*UTF8*$!
{
	archiveVersion = 1;
	classes = {
	};
	objectVersion = 50;
	objects = {

/* Begin PBXBuildFile section */
		68FAEBB9215B21AB00952034 /* AppDelegate.swift in Sources */ = {isa = PBXBuildFile; fileRef = 68FAEBB8215B21AB00952034 /* AppDelegate.swift */; };
		68FAEBBB215B21AB00952034 /* ViewController.swift in Sources */ = {isa = PBXBuildFile; fileRef = 68FAEBBA215B21AB00952034 /* ViewController.swift */; };
		68FAEBBE215B21AB00952034 /* Main.storyboard in Resources */ = {isa = PBXBuildFile; fileRef = 68FAEBBC215B21AB00952034 /* Main.storyboard */; };
		68FAEBC0215B21AD00952034 /* Assets.xcassets in Resources */ = {isa = PBXBuildFile; fileRef = 68FAEBBF215B21AD00952034 /* Assets.xcassets */; };
		68FAEBC3215B21AD00952034 /* LaunchScreen.storyboard in Resources */ = {isa = PBXBuildFile; fileRef = 68FAEBC1215B21AD00952034 /* LaunchScreen.storyboard */; };
		68FAEBCE215B21AE00952034 /* lab3Tests.swift in Sources */ = {isa = PBXBuildFile; fileRef = 68FAEBCD215B21AE00952034 /* lab3Tests.swift */; };
		68FAEBD9215B21AE00952034 /* lab3UITests.swift in Sources */ = {isa = PBXBuildFile; fileRef = 68FAEBD8215B21AE00952034 /* lab3UITests.swift */; };
/* End PBXBuildFile section */

/* Begin PBXContainerItemProxy section */
		68FAEBCA215B21AE00952034 /* PBXContainerItemProxy */ = {
			isa = PBXContainerItemProxy;
			containerPortal = 68FAEBAD215B21AB00952034 /* Project object */;
			proxyType = 1;
			remoteGlobalIDString = 68FAEBB4215B21AB00952034;
			remoteInfo = lab3;
		};
		68FAEBD5215B21AE00952034 /* PBXContainerItemProxy */ = {
			isa = PBXContainerItemProxy;
			containerPortal = 68FAEBAD215B21AB00952034 /* Project object */;
			proxyType = 1;
			remoteGlobalIDString = 68FAEBB4215B21AB00952034;
			remoteInfo = lab3;
		};
/* End PBXContainerItemProxy section */

/* Begin PBXFileReference section */
		68FAEBB5215B21AB00952034 /* lab3.app */ = {isa = PBXFileReference; explicitFileType = wrapper.application; includeInIndex = 0; path = lab3.app; sourceTree = BUILT_PRODUCTS_DIR; };
		68FAEBB8215B21AB00952034 /* AppDelegate.swift */ = {isa = PBXFileReference; lastKnownFileType = sourcecode.swift; path = AppDelegate.swift; sourceTree = "<group>"; };
		68FAEBBA215B21AB00952034 /* ViewController.swift */ = {isa = PBXFileReference; lastKnownFileType = sourcecode.swift; path = ViewController.swift; sourceTree = "<group>"; };
		68FAEBBD215B21AB00952034 /* Base */ = {isa = PBXFileReference; lastKnownFileType = file.storyboard; name = Base; path = Base.lproj/Main.storyboard; sourceTree = "<group>"; };
		68FAEBBF215B21AD00952034 /* Assets.xcassets */ = {isa = PBXFileReference; lastKnownFileType = folder.assetcatalog; path = Assets.xcassets; sourceTree = "<group>"; };
		68FAEBC2215B21AD00952034 /* Base */ = {isa = PBXFileReference; lastKnownFileType = file.storyboard; name = Base; path = Base.lproj/LaunchScreen.storyboard; sourceTree = "<group>"; };
		68FAEBC4215B21AD00952034 /* Info.plist */ = {isa = PBXFileReference; lastKnownFileType = text.plist.xml; path = Info.plist; sourceTree = "<group>"; };
		68FAEBC9215B21AE00952034 /* lab3Tests.xctest */ = {isa = PBXFileReference; explicitFileType = wrapper.cfbundle; includeInIndex = 0; path = lab3Tests.xctest; sourceTree = BUILT_PRODUCTS_DIR; };
		68FAEBCD215B21AE00952034 /* lab3Tests.swift */ = {isa = PBXFileReference; lastKnownFileType = sourcecode.swift; path = lab3Tests.swift; sourceTree = "<group>"; };
		68FAEBCF215B21AE00952034 /* Info.plist */ = {isa = PBXFileReference; lastKnownFileType = text.plist.xml; path = Info.plist; sourceTree = "<group>"; };
		68FAEBD4215B21AE00952034 /* lab3UITests.xctest */ = {isa = PBXFileReference; explicitFileType = wrapper.cfbundle; includeInIndex = 0; path = lab3UITests.xctest; sourceTree = BUILT_PRODUCTS_DIR; };
		68FAEBD8215B21AE00952034 /* lab3UITests.swift */ = {isa = PBXFileReference; lastKnownFileType = sourcecode.swift; path = lab3UITests.swift; sourceTree = "<group>"; };
		68FAEBDA215B21AE00952034 /* Info.plist */ = {isa = PBXFileReference; lastKnownFileType = text.plist.xml; path = Info.plist; sourceTree = "<group>"; };
/* End PBXFileReference section */

/* Begin PBXFrameworksBuildPhase section */
		68FAEBB2215B21AB00952034 /* Frameworks */ = {
			isa = PBXFrameworksBuildPhase;
			buildActionMask = 2147483647;
			files = (
			);
			runOnlyForDeploymentPostprocessing = 0;
		};
		68FAEBC6215B21AE00952034 /* Frameworks */ = {
			isa = PBXFrameworksBuildPhase;
			buildActionMask = 2147483647;
			files = (
			);
			runOnlyForDeploymentPostprocessing = 0;
		};
		68FAEBD1215B21AE00952034 /* Frameworks */ = {
			isa = PBXFrameworksBuildPhase;
			buildActionMask = 2147483647;
			files = (
			);
			runOnlyForDeploymentPostprocessing = 0;
		};
/* End PBXFrameworksBuildPhase section */

/* Begin PBXGroup section */
		68FAEBAC215B21AB00952034 = {
			isa = PBXGroup;
			children = (
				68FAEBB7215B21AB00952034 /* lab3 */,
				68FAEBCC215B21AE00952034 /* lab3Tests */,
				68FAEBD7215B21AE00952034 /* lab3UITests */,
				68FAEBB6215B21AB00952034 /* Products */,
			);
			sourceTree = "<group>";
		};
		68FAEBB6215B21AB00952034 /* Products */ = {
			isa = PBXGroup;
			children = (
				68FAEBB5215B21AB00952034 /* lab3.app */,
				68FAEBC9215B21AE00952034 /* lab3Tests.xctest */,
				68FAEBD4215B21AE00952034 /* lab3UITests.xctest */,
			);
			name = Products;
			sourceTree = "<group>";
		};
		68FAEBB7215B21AB00952034 /* lab3 */ = {
			isa = PBXGroup;
			children = (
				68FAEBB8215B21AB00952034 /* AppDelegate.swift */,
				68FAEBBA215B21AB00952034 /* ViewController.swift */,
				68FAEBBC215B21AB00952034 /* Main.storyboard */,
				68FAEBBF215B21AD00952034 /* Assets.xcassets */,
				68FAEBC1215B21AD00952034 /* LaunchScreen.storyboard */,
				68FAEBC4215B21AD00952034 /* Info.plist */,
			);
			path = lab3;
			sourceTree = "<group>";
		};
		68FAEBCC215B21AE00952034 /* lab3Tests */ = {
			isa = PBXGroup;
			children = (
				68FAEBCD215B21AE00952034 /* lab3Tests.swift */,
				68FAEBCF215B21AE00952034 /* Info.plist */,
			);
			path = lab3Tests;
			sourceTree = "<group>";
		};
		68FAEBD7215B21AE00952034 /* lab3UITests */ = {
			isa = PBXGroup;
			children = (
				68FAEBD8215B21AE00952034 /* lab3UITests.swift */,
				68FAEBDA215B21AE00952034 /* Info.plist */,
			);
			path = lab3UITests;
			sourceTree = "<group>";
		};
/* End PBXGroup section */

/* Begin PBXNativeTarget section */
		68FAEBB4215B21AB00952034 /* lab3 */ = {
			isa = PBXNativeTarget;
			buildConfigurationList = 68FAEBDD215B21AE00952034 /* Build configuration list for PBXNativeTarget "lab3" */;
			buildPhases = (
				68FAEBB1215B21AB00952034 /* Sources */,
				68FAEBB2215B21AB00952034 /* Frameworks */,
				68FAEBB3215B21AB00952034 /* Resources */,
			);
			buildRules = (
			);
			dependencies = (
			);
			name = lab3;
			productName = lab3;
			productReference = 68FAEBB5215B21AB00952034 /* lab3.app */;
			productType = "com.apple.product-type.application";
		};
		68FAEBC8215B21AE00952034 /* lab3Tests */ = {
			isa = PBXNativeTarget;
			buildConfigurationList = 68FAEBE0215B21AE00952034 /* Build configuration list for PBXNativeTarget "lab3Tests" */;
			buildPhases = (
				68FAEBC5215B21AE00952034 /* Sources */,
				68FAEBC6215B21AE00952034 /* Frameworks */,
				68FAEBC7215B21AE00952034 /* Resources */,
			);
			buildRules = (
			);
			dependencies = (
				68FAEBCB215B21AE00952034 /* PBXTargetDependency */,
			);
			name = lab3Tests;
			productName = lab3Tests;
			productReference = 68FAEBC9215B21AE00952034 /* lab3Tests.xctest */;
			productType = "com.apple.product-type.bundle.unit-test";
		};
		68FAEBD3215B21AE00952034 /* lab3UITests */ = {
			isa = PBXNativeTarget;
			buildConfigurationList = 68FAEBE3215B21AE00952034 /* Build configuration list for PBXNativeTarget "lab3UITests" */;
			buildPhases = (
				68FAEBD0215B21AE00952034 /* Sources */,
				68FAEBD1215B21AE00952034 /* Frameworks */,
				68FAEBD2215B21AE00952034 /* Resources */,
			);
			buildRules = (
			);
			dependencies = (
				68FAEBD6215B21AE00952034 /* PBXTargetDependency */,
			);
			name = lab3UITests;
			productName = lab3UITests;
			productReference = 68FAEBD4215B21AE00952034 /* lab3UITests.xctest */;
			productType = "com.apple.product-type.bundle.ui-testing";
		};
/* End PBXNativeTarget section */

/* Begin PBXProject section */
		68FAEBAD215B21AB00952034 /* Project object */ = {
			isa = PBXProject;
			attributes = {
				LastSwiftUpdateCheck = 1000;
				LastUpgradeCheck = 1000;
				ORGANIZATIONNAME = "Brad Hodkinson";
				TargetAttributes = {
					68FAEBB4215B21AB00952034 = {
						CreatedOnToolsVersion = 10.0;
					};
					68FAEBC8215B21AE00952034 = {
						CreatedOnToolsVersion = 10.0;
						TestTargetID = 68FAEBB4215B21AB00952034;
					};
					68FAEBD3215B21AE00952034 = {
						CreatedOnToolsVersion = 10.0;
						TestTargetID = 68FAEBB4215B21AB00952034;
					};
				};
			};
			buildConfigurationList = 68FAEBB0215B21AB00952034 /* Build configuration list for PBXProject "lab3" */;
			compatibilityVersion = "Xcode 9.3";
			developmentRegion = en;
			hasScannedForEncodings = 0;
			knownRegions = (
				en,
				Base,
			);
			mainGroup = 68FAEBAC215B21AB00952034;
			productRefGroup = 68FAEBB6215B21AB00952034 /* Products */;
			projectDirPath = "";
			projectRoot = "";
			targets = (
				68FAEBB4215B21AB00952034 /* lab3 */,
				68FAEBC8215B21AE00952034 /* lab3Tests */,
				68FAEBD3215B21AE00952034 /* lab3UITests */,
			);
		};
/* End PBXProject section */

/* Begin PBXResourcesBuildPhase section */
		68FAEBB3215B21AB00952034 /* Resources */ = {
			isa = PBXResourcesBuildPhase;
			buildActionMask = 2147483647;
			files = (
				68FAEBC3215B21AD00952034 /* LaunchScreen.storyboard in Resources */,
				68FAEBC0215B21AD00952034 /* Assets.xcassets in Resources */,
				68FAEBBE215B21AB00952034 /* Main.storyboard in Resources */,
			);
			runOnlyForDeploymentPostprocessing = 0;
		};
		68FAEBC7215B21AE00952034 /* Resources */ = {
			isa = PBXResourcesBuildPhase;
			buildActionMask = 2147483647;
			files = (
			);
			runOnlyForDeploymentPostprocessing = 0;
		};
		68FAEBD2215B21AE00952034 /* Resources */ = {
			isa = PBXResourcesBuildPhase;
			buildActionMask = 2147483647;
			files = (
			);
			runOnlyForDeploymentPostprocessing = 0;
		};
/* End PBXResourcesBuildPhase section */

/* Begin PBXSourcesBuildPhase section */
		68FAEBB1215B21AB00952034 /* Sources */ = {
			isa = PBXSourcesBuildPhase;
			buildActionMask = 2147483647;
			files = (
				68FAEBBB215B21AB00952034 /* ViewController.swift in Sources */,
				68FAEBB9215B21AB00952034 /* AppDelegate.swift in Sources */,
			);
			runOnlyForDeploymentPostprocessing = 0;
		};
		68FAEBC5215B21AE00952034 /* Sources */ = {
			isa = PBXSourcesBuildPhase;
			buildActionMask = 2147483647;
			files = (
				68FAEBCE215B21AE00952034 /* lab3Tests.swift in Sources */,
			);
			runOnlyForDeploymentPostprocessing = 0;
		};
		68FAEBD0215B21AE00952034 /* Sources */ = {
			isa = PBXSourcesBuildPhase;
			buildActionMask = 2147483647;
			files = (
				68FAEBD9215B21AE00952034 /* lab3UITests.swift in Sources */,
			);
			runOnlyForDeploymentPostprocessing = 0;
		};
/* End PBXSourcesBuildPhase section */

/* Begin PBXTargetDependency section */
		68FAEBCB215B21AE00952034 /* PBXTargetDependency */ = {
			isa = PBXTargetDependency;
			target = 68FAEBB4215B21AB00952034 /* lab3 */;
			targetProxy = 68FAEBCA215B21AE00952034 /* PBXContainerItemProxy */;
		};
		68FAEBD6215B21AE00952034 /* PBXTargetDependency */ = {
			isa = PBXTargetDependency;
			target = 68FAEBB4215B21AB00952034 /* lab3 */;
			targetProxy = 68FAEBD5215B21AE00952034 /* PBXContainerItemProxy */;
		};
/* End PBXTargetDependency section */

/* Begin PBXVariantGroup section */
		68FAEBBC215B21AB00952034 /* Main.storyboard */ = {
			isa = PBXVariantGroup;
			children = (
				68FAEBBD215B21AB00952034 /* Base */,
			);
			name = Main.storyboard;
			sourceTree = "<group>";
		};
		68FAEBC1215B21AD00952034 /* LaunchScreen.storyboard */ = {
			isa = PBXVariantGroup;
			children = (
				68FAEBC2215B21AD00952034 /* Base */,
			);
			name = LaunchScreen.storyboard;
			sourceTree = "<group>";
		};
/* End PBXVariantGroup section */

/* Begin XCBuildConfiguration section */
		68FAEBDB215B21AE00952034 /* Debug */ = {
			isa = XCBuildConfiguration;
			buildSettings = {
				ALWAYS_SEARCH_USER_PATHS = NO;
				CLANG_ANALYZER_NONNULL = YES;
				CLANG_ANALYZER_NUMBER_OBJECT_CONVERSION = YES_AGGRESSIVE;
				CLANG_CXX_LANGUAGE_STANDARD = "gnu++14";
				CLANG_CXX_LIBRARY = "libc++";
				CLANG_ENABLE_MODULES = YES;
				CLANG_ENABLE_OBJC_ARC = YES;
				CLANG_ENABLE_OBJC_WEAK = YES;
				CLANG_WARN_BLOCK_CAPTURE_AUTORELEASING = YES;
				CLANG_WARN_BOOL_CONVERSION = YES;
				CLANG_WARN_COMMA = YES;
				CLANG_WARN_CONSTANT_CONVERSION = YES;
				CLANG_WARN_DEPRECATED_OBJC_IMPLEMENTATIONS = YES;
				CLANG_WARN_DIRECT_OBJC_ISA_USAGE = YES_ERROR;
				CLANG_WARN_DOCUMENTATION_COMMENTS = YES;
				CLANG_WARN_EMPTY_BODY = YES;
				CLANG_WARN_ENUM_CONVERSION = YES;
				CLANG_WARN_INFINITE_RECURSION = YES;
				CLANG_WARN_INT_CONVERSION = YES;
				CLANG_WARN_NON_LITERAL_NULL_CONVERSION = YES;
				CLANG_WARN_OBJC_IMPLICIT_RETAIN_SELF = YES;
				CLANG_WARN_OBJC_LITERAL_CONVERSION = YES;
				CLANG_WARN_OBJC_ROOT_CLASS = YES_ERROR;
				CLANG_WARN_RANGE_LOOP_ANALYSIS = YES;
				CLANG_WARN_STRICT_PROTOTYPES = YES;
				CLANG_WARN_SUSPICIOUS_MOVE = YES;
				CLANG_WARN_UNGUARDED_AVAILABILITY = YES_AGGRESSIVE;
				CLANG_WARN_UNREACHABLE_CODE = YES;
				CLANG_WARN__DUPLICATE_METHOD_MATCH = YES;
				CODE_SIGN_IDENTITY = "iPhone Developer";
				COPY_PHASE_STRIP = NO;
				DEBUG_INFORMATION_FORMAT = dwarf;
				ENABLE_STRICT_OBJC_MSGSEND = YES;
				ENABLE_TESTABILITY = YES;
				GCC_C_LANGUAGE_STANDARD = gnu11;
				GCC_DYNAMIC_NO_PIC = NO;
				GCC_NO_COMMON_BLOCKS = YES;
				GCC_OPTIMIZATION_LEVEL = 0;
				GCC_PREPROCESSOR_DEFINITIONS = (
					"DEBUG=1",
					"$(inherited)",
				);
				GCC_WARN_64_TO_32_BIT_CONVERSION = YES;
				GCC_WARN_ABOUT_RETURN_TYPE = YES_ERROR;
				GCC_WARN_UNDECLARED_SELECTOR = YES;
				GCC_WARN_UNINITIALIZED_AUTOS = YES_AGGRESSIVE;
				GCC_WARN_UNUSED_FUNCTION = YES;
				GCC_WARN_UNUSED_VARIABLE = YES;
				IPHONEOS_DEPLOYMENT_TARGET = 12.0;
				MTL_ENABLE_DEBUG_INFO = INCLUDE_SOURCE;
				MTL_FAST_MATH = YES;
				ONLY_ACTIVE_ARCH = YES;
				SDKROOT = iphoneos;
				SWIFT_ACTIVE_COMPILATION_CONDITIONS = DEBUG;
				SWIFT_OPTIMIZATION_LEVEL = "-Onone";
			};
			name = Debug;
		};
		68FAEBDC215B21AE00952034 /* Release */ = {
			isa = XCBuildConfiguration;
			buildSettings = {
				ALWAYS_SEARCH_USER_PATHS = NO;
				CLANG_ANALYZER_NONNULL = YES;
				CLANG_ANALYZER_NUMBER_OBJECT_CONVERSION = YES_AGGRESSIVE;
				CLANG_CXX_LANGUAGE_STANDARD = "gnu++14";
				CLANG_CXX_LIBRARY = "libc++";
				CLANG_ENABLE_MODULES = YES;
				CLANG_ENABLE_OBJC_ARC = YES;
				CLANG_ENABLE_OBJC_WEAK = YES;
				CLANG_WARN_BLOCK_CAPTURE_AUTORELEASING = YES;
				CLANG_WARN_BOOL_CONVERSION = YES;
				CLANG_WARN_COMMA = YES;
				CLANG_WARN_CONSTANT_CONVERSION = YES;
				CLANG_WARN_DEPRECATED_OBJC_IMPLEMENTATIONS = YES;
				CLANG_WARN_DIRECT_OBJC_ISA_USAGE = YES_ERROR;
				CLANG_WARN_DOCUMENTATION_COMMENTS = YES;
				CLANG_WARN_EMPTY_BODY = YES;
				CLANG_WARN_ENUM_CONVERSION = YES;
				CLANG_WARN_INFINITE_RECURSION = YES;
				CLANG_WARN_INT_CONVERSION = YES;
				CLANG_WARN_NON_LITERAL_NULL_CONVERSION = YES;
				CLANG_WARN_OBJC_IMPLICIT_RETAIN_SELF = YES;
				CLANG_WARN_OBJC_LITERAL_CONVERSION = YES;
				CLANG_WARN_OBJC_ROOT_CLASS = YES_ERROR;
				CLANG_WARN_RANGE_LOOP_ANALYSIS = YES;
				CLANG_WARN_STRICT_PROTOTYPES = YES;
				CLANG_WARN_SUSPICIOUS_MOVE = YES;
				CLANG_WARN_UNGUARDED_AVAILABILITY = YES_AGGRESSIVE;
				CLANG_WARN_UNREACHABLE_CODE = YES;
				CLANG_WARN__DUPLICATE_METHOD_MATCH = YES;
				CODE_SIGN_IDENTITY = "iPhone Developer";
				COPY_PHASE_STRIP = NO;
				DEBUG_INFORMATION_FORMAT = "dwarf-with-dsym";
				ENABLE_NS_ASSERTIONS = NO;
				ENABLE_STRICT_OBJC_MSGSEND = YES;
				GCC_C_LANGUAGE_STANDARD = gnu11;
				GCC_NO_COMMON_BLOCKS = YES;
				GCC_WARN_64_TO_32_BIT_CONVERSION = YES;
				GCC_WARN_ABOUT_RETURN_TYPE = YES_ERROR;
				GCC_WARN_UNDECLARED_SELECTOR = YES;
				GCC_WARN_UNINITIALIZED_AUTOS = YES_AGGRESSIVE;
				GCC_WARN_UNUSED_FUNCTION = YES;
				GCC_WARN_UNUSED_VARIABLE = YES;
				IPHONEOS_DEPLOYMENT_TARGET = 12.0;
				MTL_ENABLE_DEBUG_INFO = NO;
				MTL_FAST_MATH = YES;
				SDKROOT = iphoneos;
				SWIFT_COMPILATION_MODE = wholemodule;
				SWIFT_OPTIMIZATION_LEVEL = "-O";
				VALIDATE_PRODUCT = YES;
			};
			name = Release;
		};
		68FAEBDE215B21AE00952034 /* Debug */ = {
			isa = XCBuildConfiguration;
			buildSettings = {
				ASSETCATALOG_COMPILER_APPICON_NAME = AppIcon;
				CODE_SIGN_STYLE = Automatic;
				DEVELOPMENT_TEAM = 2P59PT98BC;
				INFOPLIST_FILE = lab3/Info.plist;
				LD_RUNPATH_SEARCH_PATHS = (
					"$(inherited)",
					"@executable_path/Frameworks",
				);
				PRODUCT_BUNDLE_IDENTIFIER = cse438fall2018.lab3;
				PRODUCT_NAME = "$(TARGET_NAME)";
				SWIFT_VERSION = 4.2;
				TARGETED_DEVICE_FAMILY = "1,2";
			};
			name = Debug;
		};
		68FAEBDF215B21AE00952034 /* Release */ = {
			isa = XCBuildConfiguration;
			buildSettings = {
				ASSETCATALOG_COMPILER_APPICON_NAME = AppIcon;
				CODE_SIGN_STYLE = Automatic;
				DEVELOPMENT_TEAM = 2P59PT98BC;
				INFOPLIST_FILE = lab3/Info.plist;
				LD_RUNPATH_SEARCH_PATHS = (
					"$(inherited)",
					"@executable_path/Frameworks",
				);
				PRODUCT_BUNDLE_IDENTIFIER = cse438fall2018.lab3;
				PRODUCT_NAME = "$(TARGET_NAME)";
				SWIFT_VERSION = 4.2;
				TARGETED_DEVICE_FAMILY = "1,2";
			};
			name = Release;
		};
		68FAEBE1215B21AE00952034 /* Debug */ = {
			isa = XCBuildConfiguration;
			buildSettings = {
				ALWAYS_EMBED_SWIFT_STANDARD_LIBRARIES = YES;
				BUNDLE_LOADER = "$(TEST_HOST)";
				CODE_SIGN_STYLE = Automatic;
				DEVELOPMENT_TEAM = 2P59PT98BC;
				INFOPLIST_FILE = lab3Tests/Info.plist;
				LD_RUNPATH_SEARCH_PATHS = (
					"$(inherited)",
					"@executable_path/Frameworks",
					"@loader_path/Frameworks",
				);
				PRODUCT_BUNDLE_IDENTIFIER = cse438fall2018.lab3Tests;
				PRODUCT_NAME = "$(TARGET_NAME)";
				SWIFT_VERSION = 4.2;
				TARGETED_DEVICE_FAMILY = "1,2";
				TEST_HOST = "$(BUILT_PRODUCTS_DIR)/lab3.app/lab3";
			};
			name = Debug;
		};
		68FAEBE2215B21AE00952034 /* Release */ = {
			isa = XCBuildConfiguration;
			buildSettings = {
				ALWAYS_EMBED_SWIFT_STANDARD_LIBRARIES = YES;
				BUNDLE_LOADER = "$(TEST_HOST)";
				CODE_SIGN_STYLE = Automatic;
				DEVELOPMENT_TEAM = 2P59PT98BC;
				INFOPLIST_FILE = lab3Tests/Info.plist;
				LD_RUNPATH_SEARCH_PATHS = (
					"$(inherited)",
					"@executable_path/Frameworks",
					"@loader_path/Frameworks",
				);
				PRODUCT_BUNDLE_IDENTIFIER = cse438fall2018.lab3Tests;
				PRODUCT_NAME = "$(TARGET_NAME)";
				SWIFT_VERSION = 4.2;
				TARGETED_DEVICE_FAMILY = "1,2";
				TEST_HOST = "$(BUILT_PRODUCTS_DIR)/lab3.app/lab3";
			};
			name = Release;
		};
		68FAEBE4215B21AE00952034 /* Debug */ = {
			isa = XCBuildConfiguration;
			buildSettings = {
				ALWAYS_EMBED_SWIFT_STANDARD_LIBRARIES = YES;
				CODE_SIGN_STYLE = Automatic;
				DEVELOPMENT_TEAM = 2P59PT98BC;
				INFOPLIST_FILE = lab3UITests/Info.plist;
				LD_RUNPATH_SEARCH_PATHS = (
					"$(inherited)",
					"@executable_path/Frameworks",
					"@loader_path/Frameworks",
				);
				PRODUCT_BUNDLE_IDENTIFIER = cse438fall2018.lab3UITests;
				PRODUCT_NAME = "$(TARGET_NAME)";
				SWIFT_VERSION = 4.2;
				TARGETED_DEVICE_FAMILY = "1,2";
				TEST_TARGET_NAME = lab3;
			};
			name = Debug;
		};
		68FAEBE5215B21AE00952034 /* Release */ = {
			isa = XCBuildConfiguration;
			buildSettings = {
				ALWAYS_EMBED_SWIFT_STANDARD_LIBRARIES = YES;
				CODE_SIGN_STYLE = Automatic;
				DEVELOPMENT_TEAM = 2P59PT98BC;
				INFOPLIST_FILE = lab3UITests/Info.plist;
				LD_RUNPATH_SEARCH_PATHS = (
					"$(inherited)",
					"@executable_path/Frameworks",
					"@loader_path/Frameworks",
				);
				PRODUCT_BUNDLE_IDENTIFIER = cse438fall2018.lab3UITests;
				PRODUCT_NAME = "$(TARGET_NAME)";
				SWIFT_VERSION = 4.2;
				TARGETED_DEVICE_FAMILY = "1,2";
				TEST_TARGET_NAME = lab3;
			};
			name = Release;
		};
/* End XCBuildConfiguration section */

/* Begin XCConfigurationList section */
		68FAEBB0215B21AB00952034 /* Build configuration list for PBXProject "lab3" */ = {
			isa = XCConfigurationList;
			buildConfigurations = (
				68FAEBDB215B21AE00952034 /* Debug */,
				68FAEBDC215B21AE00952034 /* Release */,
			);
			defaultConfigurationIsVisible = 0;
			defaultConfigurationName = Release;
		};
		68FAEBDD215B21AE00952034 /* Build configuration list for PBXNativeTarget "lab3" */ = {
			isa = XCConfigurationList;
			buildConfigurations = (
				68FAEBDE215B21AE00952034 /* Debug */,
				68FAEBDF215B21AE00952034 /* Release */,
			);
			defaultConfigurationIsVisible = 0;
			defaultConfigurationName = Release;
		};
		68FAEBE0215B21AE00952034 /* Build configuration list for PBXNativeTarget "lab3Tests" */ = {
			isa = XCConfigurationList;
			buildConfigurations = (
				68FAEBE1215B21AE00952034 /* Debug */,
				68FAEBE2215B21AE00952034 /* Release */,
			);
			defaultConfigurationIsVisible = 0;
			defaultConfigurationName = Release;
		};
		68FAEBE3215B21AE00952034 /* Build configuration list for PBXNativeTarget "lab3UITests" */ = {
			isa = XCConfigurationList;
			buildConfigurations = (
				68FAEBE4215B21AE00952034 /* Debug */,
				68FAEBE5215B21AE00952034 /* Release */,
			);
			defaultConfigurationIsVisible = 0;
			defaultConfigurationName = Release;
		};
/* End XCConfigurationList section */
	};
	rootObject = 68FAEBAD215B21AB00952034 /* Project object */;
}
